// !$*UTF8*$!
{
	archiveVersion = 1;
	classes = {
	};
	objectVersion = 50;
	objects = {

/* Begin PBXBuildFile section */
		4351E58423705AF8005D83FA /* AppDelegate.swift in Sources */ = {isa = PBXBuildFile; fileRef = 4351E58323705AF8005D83FA /* AppDelegate.swift */; };
		4351E58623705AF8005D83FA /* SceneDelegate.swift in Sources */ = {isa = PBXBuildFile; fileRef = 4351E58523705AF8005D83FA /* SceneDelegate.swift */; };
		4351E58823705AF8005D83FA /* ViewController.swift in Sources */ = {isa = PBXBuildFile; fileRef = 4351E58723705AF8005D83FA /* ViewController.swift */; };
		4351E58B23705AF8005D83FA /* Main.storyboard in Resources */ = {isa = PBXBuildFile; fileRef = 4351E58923705AF8005D83FA /* Main.storyboard */; };
		4351E58D23705AFA005D83FA /* Assets.xcassets in Resources */ = {isa = PBXBuildFile; fileRef = 4351E58C23705AFA005D83FA /* Assets.xcassets */; };
		4351E59023705AFA005D83FA /* LaunchScreen.storyboard in Resources */ = {isa = PBXBuildFile; fileRef = 4351E58E23705AFA005D83FA /* LaunchScreen.storyboard */; };
		4351E59B23705AFA005D83FA /* technical_testTests.swift in Sources */ = {isa = PBXBuildFile; fileRef = 4351E59A23705AFA005D83FA /* technical_testTests.swift */; };
		4351E5A623705AFA005D83FA /* technical_testUITests.swift in Sources */ = {isa = PBXBuildFile; fileRef = 4351E5A523705AFA005D83FA /* technical_testUITests.swift */; };
		4351E5B423705C5F005D83FA /* ListTableViewCell.swift in Sources */ = {isa = PBXBuildFile; fileRef = 4351E5B323705C5F005D83FA /* ListTableViewCell.swift */; };
		4351E5B6237066EF005D83FA /* DetailsViewController.swift in Sources */ = {isa = PBXBuildFile; fileRef = 4351E5B5237066EF005D83FA /* DetailsViewController.swift */; };
		4351E5B8237068AF005D83FA /* Response.swift in Sources */ = {isa = PBXBuildFile; fileRef = 4351E5B7237068AF005D83FA /* Response.swift */; };
		4362A14D27218972004BF91A /* HomeInteractor.swift in Sources */ = {isa = PBXBuildFile; fileRef = 4362A14C27218972004BF91A /* HomeInteractor.swift */; };
		4362A14F2721897A004BF91A /* HomePresenter.swift in Sources */ = {isa = PBXBuildFile; fileRef = 4362A14E2721897A004BF91A /* HomePresenter.swift */; };
		4362A15127218B5C004BF91A /* DetailsInteractor.swift in Sources */ = {isa = PBXBuildFile; fileRef = 4362A15027218B5C004BF91A /* DetailsInteractor.swift */; };
		4362A15327218B65004BF91A /* DetailsPresenter.swift in Sources */ = {isa = PBXBuildFile; fileRef = 4362A15227218B65004BF91A /* DetailsPresenter.swift */; };
		616509C428E247F800A5102E /* GameService.swift in Sources */ = {isa = PBXBuildFile; fileRef = 616509C328E247F800A5102E /* GameService.swift */; };
		616509C628E24D6800A5102E /* GameProvider.swift in Sources */ = {isa = PBXBuildFile; fileRef = 616509C528E24D6800A5102E /* GameProvider.swift */; };
/* End PBXBuildFile section */

/* Begin PBXContainerItemProxy section */
		4351E59723705AFA005D83FA /* PBXContainerItemProxy */ = {
			isa = PBXContainerItemProxy;
			containerPortal = 4351E57823705AF8005D83FA /* Project object */;
			proxyType = 1;
			remoteGlobalIDString = 4351E57F23705AF8005D83FA;
			remoteInfo = "technical-test";
		};
		4351E5A223705AFA005D83FA /* PBXContainerItemProxy */ = {
			isa = PBXContainerItemProxy;
			containerPortal = 4351E57823705AF8005D83FA /* Project object */;
			proxyType = 1;
			remoteGlobalIDString = 4351E57F23705AF8005D83FA;
			remoteInfo = "technical-test";
		};
/* End PBXContainerItemProxy section */

/* Begin PBXFileReference section */
		4351E58023705AF8005D83FA /* technical-test.app */ = {isa = PBXFileReference; explicitFileType = wrapper.application; includeInIndex = 0; path = "technical-test.app"; sourceTree = BUILT_PRODUCTS_DIR; };
		4351E58323705AF8005D83FA /* AppDelegate.swift */ = {isa = PBXFileReference; lastKnownFileType = sourcecode.swift; path = AppDelegate.swift; sourceTree = "<group>"; };
		4351E58523705AF8005D83FA /* SceneDelegate.swift */ = {isa = PBXFileReference; lastKnownFileType = sourcecode.swift; path = SceneDelegate.swift; sourceTree = "<group>"; };
		4351E58723705AF8005D83FA /* ViewController.swift */ = {isa = PBXFileReference; lastKnownFileType = sourcecode.swift; path = ViewController.swift; sourceTree = "<group>"; };
		4351E58A23705AF8005D83FA /* Base */ = {isa = PBXFileReference; lastKnownFileType = file.storyboard; name = Base; path = Base.lproj/Main.storyboard; sourceTree = "<group>"; };
		4351E58C23705AFA005D83FA /* Assets.xcassets */ = {isa = PBXFileReference; lastKnownFileType = folder.assetcatalog; path = Assets.xcassets; sourceTree = "<group>"; };
		4351E58F23705AFA005D83FA /* Base */ = {isa = PBXFileReference; lastKnownFileType = file.storyboard; name = Base; path = Base.lproj/LaunchScreen.storyboard; sourceTree = "<group>"; };
		4351E59123705AFA005D83FA /* Info.plist */ = {isa = PBXFileReference; lastKnownFileType = text.plist.xml; path = Info.plist; sourceTree = "<group>"; };
		4351E59623705AFA005D83FA /* technical-testTests.xctest */ = {isa = PBXFileReference; explicitFileType = wrapper.cfbundle; includeInIndex = 0; path = "technical-testTests.xctest"; sourceTree = BUILT_PRODUCTS_DIR; };
		4351E59A23705AFA005D83FA /* technical_testTests.swift */ = {isa = PBXFileReference; lastKnownFileType = sourcecode.swift; path = technical_testTests.swift; sourceTree = "<group>"; };
		4351E59C23705AFA005D83FA /* Info.plist */ = {isa = PBXFileReference; lastKnownFileType = text.plist.xml; path = Info.plist; sourceTree = "<group>"; };
		4351E5A123705AFA005D83FA /* technical-testUITests.xctest */ = {isa = PBXFileReference; explicitFileType = wrapper.cfbundle; includeInIndex = 0; path = "technical-testUITests.xctest"; sourceTree = BUILT_PRODUCTS_DIR; };
		4351E5A523705AFA005D83FA /* technical_testUITests.swift */ = {isa = PBXFileReference; lastKnownFileType = sourcecode.swift; path = technical_testUITests.swift; sourceTree = "<group>"; };
		4351E5A723705AFA005D83FA /* Info.plist */ = {isa = PBXFileReference; lastKnownFileType = text.plist.xml; path = Info.plist; sourceTree = "<group>"; };
		4351E5B323705C5F005D83FA /* ListTableViewCell.swift */ = {isa = PBXFileReference; lastKnownFileType = sourcecode.swift; path = ListTableViewCell.swift; sourceTree = "<group>"; };
		4351E5B5237066EF005D83FA /* DetailsViewController.swift */ = {isa = PBXFileReference; lastKnownFileType = sourcecode.swift; path = DetailsViewController.swift; sourceTree = "<group>"; };
		4351E5B7237068AF005D83FA /* Response.swift */ = {isa = PBXFileReference; lastKnownFileType = sourcecode.swift; path = Response.swift; sourceTree = "<group>"; };
		4362A14C27218972004BF91A /* HomeInteractor.swift */ = {isa = PBXFileReference; lastKnownFileType = sourcecode.swift; path = HomeInteractor.swift; sourceTree = "<group>"; };
		4362A14E2721897A004BF91A /* HomePresenter.swift */ = {isa = PBXFileReference; lastKnownFileType = sourcecode.swift; path = HomePresenter.swift; sourceTree = "<group>"; };
		4362A15027218B5C004BF91A /* DetailsInteractor.swift */ = {isa = PBXFileReference; lastKnownFileType = sourcecode.swift; path = DetailsInteractor.swift; sourceTree = "<group>"; };
		4362A15227218B65004BF91A /* DetailsPresenter.swift */ = {isa = PBXFileReference; lastKnownFileType = sourcecode.swift; path = DetailsPresenter.swift; sourceTree = "<group>"; };
		616509C328E247F800A5102E /* GameService.swift */ = {isa = PBXFileReference; lastKnownFileType = sourcecode.swift; path = GameService.swift; sourceTree = "<group>"; };
		616509C528E24D6800A5102E /* GameProvider.swift */ = {isa = PBXFileReference; lastKnownFileType = sourcecode.swift; path = GameProvider.swift; sourceTree = "<group>"; };
/* End PBXFileReference section */

/* Begin PBXFrameworksBuildPhase section */
		4351E57D23705AF8005D83FA /* Frameworks */ = {
			isa = PBXFrameworksBuildPhase;
			buildActionMask = 2147483647;
			files = (
			);
			runOnlyForDeploymentPostprocessing = 0;
		};
		4351E59323705AFA005D83FA /* Frameworks */ = {
			isa = PBXFrameworksBuildPhase;
			buildActionMask = 2147483647;
			files = (
			);
			runOnlyForDeploymentPostprocessing = 0;
		};
		4351E59E23705AFA005D83FA /* Frameworks */ = {
			isa = PBXFrameworksBuildPhase;
			buildActionMask = 2147483647;
			files = (
			);
			runOnlyForDeploymentPostprocessing = 0;
		};
/* End PBXFrameworksBuildPhase section */

/* Begin PBXGroup section */
		4351E57723705AF8005D83FA = {
			isa = PBXGroup;
			children = (
				4351E58223705AF8005D83FA /* technical-test */,
				4351E59923705AFA005D83FA /* technical-testTests */,
				4351E5A423705AFA005D83FA /* technical-testUITests */,
				4351E58123705AF8005D83FA /* Products */,
			);
			sourceTree = "<group>";
		};
		4351E58123705AF8005D83FA /* Products */ = {
			isa = PBXGroup;
			children = (
				4351E58023705AF8005D83FA /* technical-test.app */,
				4351E59623705AFA005D83FA /* technical-testTests.xctest */,
				4351E5A123705AFA005D83FA /* technical-testUITests.xctest */,
			);
			name = Products;
			sourceTree = "<group>";
		};
		4351E58223705AF8005D83FA /* technical-test */ = {
			isa = PBXGroup;
			children = (
				4362A14827218930004BF91A /* Sources */,
				4351E58923705AF8005D83FA /* Main.storyboard */,
				4351E58C23705AFA005D83FA /* Assets.xcassets */,
				4351E58E23705AFA005D83FA /* LaunchScreen.storyboard */,
				4351E59123705AFA005D83FA /* Info.plist */,
			);
			path = "technical-test";
			sourceTree = "<group>";
		};
		4351E59923705AFA005D83FA /* technical-testTests */ = {
			isa = PBXGroup;
			children = (
				4351E59A23705AFA005D83FA /* technical_testTests.swift */,
				4351E59C23705AFA005D83FA /* Info.plist */,
			);
			path = "technical-testTests";
			sourceTree = "<group>";
		};
		4351E5A423705AFA005D83FA /* technical-testUITests */ = {
			isa = PBXGroup;
			children = (
				4351E5A523705AFA005D83FA /* technical_testUITests.swift */,
				4351E5A723705AFA005D83FA /* Info.plist */,
			);
			path = "technical-testUITests";
			sourceTree = "<group>";
		};
		4362A14827218930004BF91A /* Sources */ = {
			isa = PBXGroup;
			children = (
				616509C028E2474C00A5102E /* Repository */,
				4351E58323705AF8005D83FA /* AppDelegate.swift */,
				4351E58523705AF8005D83FA /* SceneDelegate.swift */,
				4362A14A27218945004BF91A /* Models */,
				4362A14927218939004BF91A /* Home */,
				4362A14B27218951004BF91A /* Details */,
			);
			path = Sources;
			sourceTree = "<group>";
		};
		4362A14927218939004BF91A /* Home */ = {
			isa = PBXGroup;
			children = (
				4351E5B323705C5F005D83FA /* ListTableViewCell.swift */,
				4362A14C27218972004BF91A /* HomeInteractor.swift */,
				4362A14E2721897A004BF91A /* HomePresenter.swift */,
				4351E58723705AF8005D83FA /* ViewController.swift */,
			);
			path = Home;
			sourceTree = "<group>";
		};
		4362A14A27218945004BF91A /* Models */ = {
			isa = PBXGroup;
			children = (
				4351E5B7237068AF005D83FA /* Response.swift */,
			);
			path = Models;
			sourceTree = "<group>";
		};
		4362A14B27218951004BF91A /* Details */ = {
			isa = PBXGroup;
			children = (
				4362A15027218B5C004BF91A /* DetailsInteractor.swift */,
				4362A15227218B65004BF91A /* DetailsPresenter.swift */,
				4351E5B5237066EF005D83FA /* DetailsViewController.swift */,
			);
			path = Details;
			sourceTree = "<group>";
		};
		616509C028E2474C00A5102E /* Repository */ = {
			isa = PBXGroup;
			children = (
				616509C228E2477C00A5102E /* Services */,
				616509C128E2476F00A5102E /* Provider */,
			);
			path = Repository;
			sourceTree = "<group>";
		};
		616509C128E2476F00A5102E /* Provider */ = {
			isa = PBXGroup;
			children = (
				616509C528E24D6800A5102E /* GameProvider.swift */,
			);
			path = Provider;
			sourceTree = "<group>";
		};
		616509C228E2477C00A5102E /* Services */ = {
			isa = PBXGroup;
			children = (
				616509C328E247F800A5102E /* GameService.swift */,
			);
			path = Services;
			sourceTree = "<group>";
		};
/* End PBXGroup section */

/* Begin PBXNativeTarget section */
		4351E57F23705AF8005D83FA /* technical-test */ = {
			isa = PBXNativeTarget;
			buildConfigurationList = 4351E5AA23705AFA005D83FA /* Build configuration list for PBXNativeTarget "technical-test" */;
			buildPhases = (
				4351E57C23705AF8005D83FA /* Sources */,
				4351E57D23705AF8005D83FA /* Frameworks */,
				4351E57E23705AF8005D83FA /* Resources */,
			);
			buildRules = (
			);
			dependencies = (
			);
			name = "technical-test";
			productName = "technical-test";
			productReference = 4351E58023705AF8005D83FA /* technical-test.app */;
			productType = "com.apple.product-type.application";
		};
		4351E59523705AFA005D83FA /* technical-testTests */ = {
			isa = PBXNativeTarget;
			buildConfigurationList = 4351E5AD23705AFA005D83FA /* Build configuration list for PBXNativeTarget "technical-testTests" */;
			buildPhases = (
				4351E59223705AFA005D83FA /* Sources */,
				4351E59323705AFA005D83FA /* Frameworks */,
				4351E59423705AFA005D83FA /* Resources */,
			);
			buildRules = (
			);
			dependencies = (
				4351E59823705AFA005D83FA /* PBXTargetDependency */,
			);
			name = "technical-testTests";
			productName = "technical-testTests";
			productReference = 4351E59623705AFA005D83FA /* technical-testTests.xctest */;
			productType = "com.apple.product-type.bundle.unit-test";
		};
		4351E5A023705AFA005D83FA /* technical-testUITests */ = {
			isa = PBXNativeTarget;
			buildConfigurationList = 4351E5B023705AFA005D83FA /* Build configuration list for PBXNativeTarget "technical-testUITests" */;
			buildPhases = (
				4351E59D23705AFA005D83FA /* Sources */,
				4351E59E23705AFA005D83FA /* Frameworks */,
				4351E59F23705AFA005D83FA /* Resources */,
			);
			buildRules = (
			);
			dependencies = (
				4351E5A323705AFA005D83FA /* PBXTargetDependency */,
			);
			name = "technical-testUITests";
			productName = "technical-testUITests";
			productReference = 4351E5A123705AFA005D83FA /* technical-testUITests.xctest */;
			productType = "com.apple.product-type.bundle.ui-testing";
		};
/* End PBXNativeTarget section */

/* Begin PBXProject section */
		4351E57823705AF8005D83FA /* Project object */ = {
			isa = PBXProject;
			attributes = {
				LastSwiftUpdateCheck = 1110;
				LastUpgradeCheck = 1300;
				ORGANIZATIONNAME = 24S;
				TargetAttributes = {
					4351E57F23705AF8005D83FA = {
						CreatedOnToolsVersion = 11.1;
					};
					4351E59523705AFA005D83FA = {
						CreatedOnToolsVersion = 11.1;
						TestTargetID = 4351E57F23705AF8005D83FA;
					};
					4351E5A023705AFA005D83FA = {
						CreatedOnToolsVersion = 11.1;
						TestTargetID = 4351E57F23705AF8005D83FA;
					};
				};
			};
			buildConfigurationList = 4351E57B23705AF8005D83FA /* Build configuration list for PBXProject "technical-test" */;
			compatibilityVersion = "Xcode 9.3";
			developmentRegion = en;
			hasScannedForEncodings = 0;
			knownRegions = (
				en,
				Base,
			);
			mainGroup = 4351E57723705AF8005D83FA;
			productRefGroup = 4351E58123705AF8005D83FA /* Products */;
			projectDirPath = "";
			projectRoot = "";
			targets = (
				4351E57F23705AF8005D83FA /* technical-test */,
				4351E59523705AFA005D83FA /* technical-testTests */,
				4351E5A023705AFA005D83FA /* technical-testUITests */,
			);
		};
/* End PBXProject section */

/* Begin PBXResourcesBuildPhase section */
		4351E57E23705AF8005D83FA /* Resources */ = {
			isa = PBXResourcesBuildPhase;
			buildActionMask = 2147483647;
			files = (
				4351E59023705AFA005D83FA /* LaunchScreen.storyboard in Resources */,
				4351E58D23705AFA005D83FA /* Assets.xcassets in Resources */,
				4351E58B23705AF8005D83FA /* Main.storyboard in Resources */,
			);
			runOnlyForDeploymentPostprocessing = 0;
		};
		4351E59423705AFA005D83FA /* Resources */ = {
			isa = PBXResourcesBuildPhase;
			buildActionMask = 2147483647;
			files = (
			);
			runOnlyForDeploymentPostprocessing = 0;
		};
		4351E59F23705AFA005D83FA /* Resources */ = {
			isa = PBXResourcesBuildPhase;
			buildActionMask = 2147483647;
			files = (
			);
			runOnlyForDeploymentPostprocessing = 0;
		};
/* End PBXResourcesBuildPhase section */

/* Begin PBXSourcesBuildPhase section */
		4351E57C23705AF8005D83FA /* Sources */ = {
			isa = PBXSourcesBuildPhase;
			buildActionMask = 2147483647;
			files = (
				616509C428E247F800A5102E /* GameService.swift in Sources */,
				4351E58823705AF8005D83FA /* ViewController.swift in Sources */,
				616509C628E24D6800A5102E /* GameProvider.swift in Sources */,
				4362A15127218B5C004BF91A /* DetailsInteractor.swift in Sources */,
				4351E5B423705C5F005D83FA /* ListTableViewCell.swift in Sources */,
				4351E58423705AF8005D83FA /* AppDelegate.swift in Sources */,
				4351E58623705AF8005D83FA /* SceneDelegate.swift in Sources */,
				4351E5B8237068AF005D83FA /* Response.swift in Sources */,
				4351E5B6237066EF005D83FA /* DetailsViewController.swift in Sources */,
				4362A15327218B65004BF91A /* DetailsPresenter.swift in Sources */,
				4362A14D27218972004BF91A /* HomeInteractor.swift in Sources */,
				4362A14F2721897A004BF91A /* HomePresenter.swift in Sources */,
			);
			runOnlyForDeploymentPostprocessing = 0;
		};
		4351E59223705AFA005D83FA /* Sources */ = {
			isa = PBXSourcesBuildPhase;
			buildActionMask = 2147483647;
			files = (
				4351E59B23705AFA005D83FA /* technical_testTests.swift in Sources */,
			);
			runOnlyForDeploymentPostprocessing = 0;
		};
		4351E59D23705AFA005D83FA /* Sources */ = {
			isa = PBXSourcesBuildPhase;
			buildActionMask = 2147483647;
			files = (
				4351E5A623705AFA005D83FA /* technical_testUITests.swift in Sources */,
			);
			runOnlyForDeploymentPostprocessing = 0;
		};
/* End PBXSourcesBuildPhase section */

/* Begin PBXTargetDependency section */
		4351E59823705AFA005D83FA /* PBXTargetDependency */ = {
			isa = PBXTargetDependency;
			target = 4351E57F23705AF8005D83FA /* technical-test */;
			targetProxy = 4351E59723705AFA005D83FA /* PBXContainerItemProxy */;
		};
		4351E5A323705AFA005D83FA /* PBXTargetDependency */ = {
			isa = PBXTargetDependency;
			target = 4351E57F23705AF8005D83FA /* technical-test */;
			targetProxy = 4351E5A223705AFA005D83FA /* PBXContainerItemProxy */;
		};
/* End PBXTargetDependency section */

/* Begin PBXVariantGroup section */
		4351E58923705AF8005D83FA /* Main.storyboard */ = {
			isa = PBXVariantGroup;
			children = (
				4351E58A23705AF8005D83FA /* Base */,
			);
			name = Main.storyboard;
			sourceTree = "<group>";
		};
		4351E58E23705AFA005D83FA /* LaunchScreen.storyboard */ = {
			isa = PBXVariantGroup;
			children = (
				4351E58F23705AFA005D83FA /* Base */,
			);
			name = LaunchScreen.storyboard;
			sourceTree = "<group>";
		};
/* End PBXVariantGroup section */

/* Begin XCBuildConfiguration section */
		4351E5A823705AFA005D83FA /* Debug */ = {
			isa = XCBuildConfiguration;
			buildSettings = {
				ALWAYS_SEARCH_USER_PATHS = NO;
				CLANG_ANALYZER_NONNULL = YES;
				CLANG_ANALYZER_NUMBER_OBJECT_CONVERSION = YES_AGGRESSIVE;
				CLANG_CXX_LANGUAGE_STANDARD = "gnu++14";
				CLANG_CXX_LIBRARY = "libc++";
				CLANG_ENABLE_MODULES = YES;
				CLANG_ENABLE_OBJC_ARC = YES;
				CLANG_ENABLE_OBJC_WEAK = YES;
				CLANG_WARN_BLOCK_CAPTURE_AUTORELEASING = YES;
				CLANG_WARN_BOOL_CONVERSION = YES;
				CLANG_WARN_COMMA = YES;
				CLANG_WARN_CONSTANT_CONVERSION = YES;
				CLANG_WARN_DEPRECATED_OBJC_IMPLEMENTATIONS = YES;
				CLANG_WARN_DIRECT_OBJC_ISA_USAGE = YES_ERROR;
				CLANG_WARN_DOCUMENTATION_COMMENTS = YES;
				CLANG_WARN_EMPTY_BODY = YES;
				CLANG_WARN_ENUM_CONVERSION = YES;
				CLANG_WARN_INFINITE_RECURSION = YES;
				CLANG_WARN_INT_CONVERSION = YES;
				CLANG_WARN_NON_LITERAL_NULL_CONVERSION = YES;
				CLANG_WARN_OBJC_IMPLICIT_RETAIN_SELF = YES;
				CLANG_WARN_OBJC_LITERAL_CONVERSION = YES;
				CLANG_WARN_OBJC_ROOT_CLASS = YES_ERROR;
				CLANG_WARN_QUOTED_INCLUDE_IN_FRAMEWORK_HEADER = YES;
				CLANG_WARN_RANGE_LOOP_ANALYSIS = YES;
				CLANG_WARN_STRICT_PROTOTYPES = YES;
				CLANG_WARN_SUSPICIOUS_MOVE = YES;
				CLANG_WARN_UNGUARDED_AVAILABILITY = YES_AGGRESSIVE;
				CLANG_WARN_UNREACHABLE_CODE = YES;
				CLANG_WARN__DUPLICATE_METHOD_MATCH = YES;
				COPY_PHASE_STRIP = NO;
				DEBUG_INFORMATION_FORMAT = dwarf;
				ENABLE_STRICT_OBJC_MSGSEND = YES;
				ENABLE_TESTABILITY = YES;
				GCC_C_LANGUAGE_STANDARD = gnu11;
				GCC_DYNAMIC_NO_PIC = NO;
				GCC_NO_COMMON_BLOCKS = YES;
				GCC_OPTIMIZATION_LEVEL = 0;
				GCC_PREPROCESSOR_DEFINITIONS = (
					"DEBUG=1",
					"$(inherited)",
				);
				GCC_WARN_64_TO_32_BIT_CONVERSION = YES;
				GCC_WARN_ABOUT_RETURN_TYPE = YES_ERROR;
				GCC_WARN_UNDECLARED_SELECTOR = YES;
				GCC_WARN_UNINITIALIZED_AUTOS = YES_AGGRESSIVE;
				GCC_WARN_UNUSED_FUNCTION = YES;
				GCC_WARN_UNUSED_VARIABLE = YES;
				IPHONEOS_DEPLOYMENT_TARGET = 13.1;
				MTL_ENABLE_DEBUG_INFO = INCLUDE_SOURCE;
				MTL_FAST_MATH = YES;
				ONLY_ACTIVE_ARCH = YES;
				SDKROOT = iphoneos;
				SWIFT_ACTIVE_COMPILATION_CONDITIONS = DEBUG;
				SWIFT_OPTIMIZATION_LEVEL = "-Onone";
			};
			name = Debug;
		};
		4351E5A923705AFA005D83FA /* Release */ = {
			isa = XCBuildConfiguration;
			buildSettings = {
				ALWAYS_SEARCH_USER_PATHS = NO;
				CLANG_ANALYZER_NONNULL = YES;
				CLANG_ANALYZER_NUMBER_OBJECT_CONVERSION = YES_AGGRESSIVE;
				CLANG_CXX_LANGUAGE_STANDARD = "gnu++14";
				CLANG_CXX_LIBRARY = "libc++";
				CLANG_ENABLE_MODULES = YES;
				CLANG_ENABLE_OBJC_ARC = YES;
				CLANG_ENABLE_OBJC_WEAK = YES;
				CLANG_WARN_BLOCK_CAPTURE_AUTORELEASING = YES;
				CLANG_WARN_BOOL_CONVERSION = YES;
				CLANG_WARN_COMMA = YES;
				CLANG_WARN_CONSTANT_CONVERSION = YES;
				CLANG_WARN_DEPRECATED_OBJC_IMPLEMENTATIONS = YES;
				CLANG_WARN_DIRECT_OBJC_ISA_USAGE = YES_ERROR;
				CLANG_WARN_DOCUMENTATION_COMMENTS = YES;
				CLANG_WARN_EMPTY_BODY = YES;
				CLANG_WARN_ENUM_CONVERSION = YES;
				CLANG_WARN_INFINITE_RECURSION = YES;
				CLANG_WARN_INT_CONVERSION = YES;
				CLANG_WARN_NON_LITERAL_NULL_CONVERSION = YES;
				CLANG_WARN_OBJC_IMPLICIT_RETAIN_SELF = YES;
				CLANG_WARN_OBJC_LITERAL_CONVERSION = YES;
				CLANG_WARN_OBJC_ROOT_CLASS = YES_ERROR;
				CLANG_WARN_QUOTED_INCLUDE_IN_FRAMEWORK_HEADER = YES;
				CLANG_WARN_RANGE_LOOP_ANALYSIS = YES;
				CLANG_WARN_STRICT_PROTOTYPES = YES;
				CLANG_WARN_SUSPICIOUS_MOVE = YES;
				CLANG_WARN_UNGUARDED_AVAILABILITY = YES_AGGRESSIVE;
				CLANG_WARN_UNREACHABLE_CODE = YES;
				CLANG_WARN__DUPLICATE_METHOD_MATCH = YES;
				COPY_PHASE_STRIP = NO;
				DEBUG_INFORMATION_FORMAT = "dwarf-with-dsym";
				ENABLE_NS_ASSERTIONS = NO;
				ENABLE_STRICT_OBJC_MSGSEND = YES;
				GCC_C_LANGUAGE_STANDARD = gnu11;
				GCC_NO_COMMON_BLOCKS = YES;
				GCC_WARN_64_TO_32_BIT_CONVERSION = YES;
				GCC_WARN_ABOUT_RETURN_TYPE = YES_ERROR;
				GCC_WARN_UNDECLARED_SELECTOR = YES;
				GCC_WARN_UNINITIALIZED_AUTOS = YES_AGGRESSIVE;
				GCC_WARN_UNUSED_FUNCTION = YES;
				GCC_WARN_UNUSED_VARIABLE = YES;
				IPHONEOS_DEPLOYMENT_TARGET = 13.1;
				MTL_ENABLE_DEBUG_INFO = NO;
				MTL_FAST_MATH = YES;
				SDKROOT = iphoneos;
				SWIFT_COMPILATION_MODE = wholemodule;
				SWIFT_OPTIMIZATION_LEVEL = "-O";
				VALIDATE_PRODUCT = YES;
			};
			name = Release;
		};
		4351E5AB23705AFA005D83FA /* Debug */ = {
			isa = XCBuildConfiguration;
			buildSettings = {
				ASSETCATALOG_COMPILER_APPICON_NAME = AppIcon;
				CODE_SIGN_STYLE = Automatic;
				DEVELOPMENT_TEAM = "";
				INFOPLIST_FILE = "technical-test/Info.plist";
				LD_RUNPATH_SEARCH_PATHS = (
					"$(inherited)",
					"@executable_path/Frameworks",
				);
				PRODUCT_BUNDLE_IDENTIFIER = "com.swood.technical-test";
				PRODUCT_NAME = "$(TARGET_NAME)";
				SWIFT_VERSION = 5.0;
				TARGETED_DEVICE_FAMILY = "1,2";
			};
			name = Debug;
		};
		4351E5AC23705AFA005D83FA /* Release */ = {
			isa = XCBuildConfiguration;
			buildSettings = {
				ASSETCATALOG_COMPILER_APPICON_NAME = AppIcon;
				CODE_SIGN_STYLE = Automatic;
				DEVELOPMENT_TEAM = "";
				INFOPLIST_FILE = "technical-test/Info.plist";
				LD_RUNPATH_SEARCH_PATHS = (
					"$(inherited)",
					"@executable_path/Frameworks",
				);
				PRODUCT_BUNDLE_IDENTIFIER = "com.swood.technical-test";
				PRODUCT_NAME = "$(TARGET_NAME)";
				SWIFT_VERSION = 5.0;
				TARGETED_DEVICE_FAMILY = "1,2";
			};
			name = Release;
		};
		4351E5AE23705AFA005D83FA /* Debug */ = {
			isa = XCBuildConfiguration;
			buildSettings = {
				ALWAYS_EMBED_SWIFT_STANDARD_LIBRARIES = YES;
				BUNDLE_LOADER = "$(TEST_HOST)";
				CODE_SIGN_STYLE = Manual;
				DEVELOPMENT_TEAM = "";
				INFOPLIST_FILE = "technical-testTests/Info.plist";
				IPHONEOS_DEPLOYMENT_TARGET = 13.1;
				LD_RUNPATH_SEARCH_PATHS = (
					"$(inherited)",
					"@executable_path/Frameworks",
					"@loader_path/Frameworks",
				);
				PRODUCT_BUNDLE_IDENTIFIER = "com.swood.technical-testTests";
				PRODUCT_NAME = "$(TARGET_NAME)";
				PROVISIONING_PROFILE_SPECIFIER = "";
				"PROVISIONING_PROFILE_SPECIFIER[sdk=macosx*]" = "";
				SWIFT_VERSION = 5.0;
				TARGETED_DEVICE_FAMILY = "1,2";
				TEST_HOST = "$(BUILT_PRODUCTS_DIR)/technical-test.app/technical-test";
			};
			name = Debug;
		};
		4351E5AF23705AFA005D83FA /* Release */ = {
			isa = XCBuildConfiguration;
			buildSettings = {
				ALWAYS_EMBED_SWIFT_STANDARD_LIBRARIES = YES;
				BUNDLE_LOADER = "$(TEST_HOST)";
				CODE_SIGN_STYLE = Manual;
				DEVELOPMENT_TEAM = "";
				INFOPLIST_FILE = "technical-testTests/Info.plist";
				IPHONEOS_DEPLOYMENT_TARGET = 13.1;
				LD_RUNPATH_SEARCH_PATHS = (
					"$(inherited)",
					"@executable_path/Frameworks",
					"@loader_path/Frameworks",
				);
				PRODUCT_BUNDLE_IDENTIFIER = "com.swood.technical-testTests";
				PRODUCT_NAME = "$(TARGET_NAME)";
				PROVISIONING_PROFILE_SPECIFIER = "";
				"PROVISIONING_PROFILE_SPECIFIER[sdk=macosx*]" = "";
				SWIFT_VERSION = 5.0;
				TARGETED_DEVICE_FAMILY = "1,2";
				TEST_HOST = "$(BUILT_PRODUCTS_DIR)/technical-test.app/technical-test";
			};
			name = Release;
		};
		4351E5B123705AFA005D83FA /* Debug */ = {
			isa = XCBuildConfiguration;
			buildSettings = {
				ALWAYS_EMBED_SWIFT_STANDARD_LIBRARIES = YES;
				CODE_SIGN_STYLE = Automatic;
				INFOPLIST_FILE = "technical-testUITests/Info.plist";
				LD_RUNPATH_SEARCH_PATHS = (
					"$(inherited)",
					"@executable_path/Frameworks",
					"@loader_path/Frameworks",
				);
				PRODUCT_BUNDLE_IDENTIFIER = "com.swood.technical-testUITests";
				PRODUCT_NAME = "$(TARGET_NAME)";
				SWIFT_VERSION = 5.0;
				TARGETED_DEVICE_FAMILY = "1,2";
				TEST_TARGET_NAME = "technical-test";
			};
			name = Debug;
		};
		4351E5B223705AFA005D83FA /* Release */ = {
			isa = XCBuildConfiguration;
			buildSettings = {
				ALWAYS_EMBED_SWIFT_STANDARD_LIBRARIES = YES;
				CODE_SIGN_STYLE = Automatic;
				INFOPLIST_FILE = "technical-testUITests/Info.plist";
				LD_RUNPATH_SEARCH_PATHS = (
					"$(inherited)",
					"@executable_path/Frameworks",
					"@loader_path/Frameworks",
				);
				PRODUCT_BUNDLE_IDENTIFIER = "com.swood.technical-testUITests";
				PRODUCT_NAME = "$(TARGET_NAME)";
				SWIFT_VERSION = 5.0;
				TARGETED_DEVICE_FAMILY = "1,2";
				TEST_TARGET_NAME = "technical-test";
			};
			name = Release;
		};
/* End XCBuildConfiguration section */

/* Begin XCConfigurationList section */
		4351E57B23705AF8005D83FA /* Build configuration list for PBXProject "technical-test" */ = {
			isa = XCConfigurationList;
			buildConfigurations = (
				4351E5A823705AFA005D83FA /* Debug */,
				4351E5A923705AFA005D83FA /* Release */,
			);
			defaultConfigurationIsVisible = 0;
			defaultConfigurationName = Release;
		};
		4351E5AA23705AFA005D83FA /* Build configuration list for PBXNativeTarget "technical-test" */ = {
			isa = XCConfigurationList;
			buildConfigurations = (
				4351E5AB23705AFA005D83FA /* Debug */,
				4351E5AC23705AFA005D83FA /* Release */,
			);
			defaultConfigurationIsVisible = 0;
			defaultConfigurationName = Release;
		};
		4351E5AD23705AFA005D83FA /* Build configuration list for PBXNativeTarget "technical-testTests" */ = {
			isa = XCConfigurationList;
			buildConfigurations = (
				4351E5AE23705AFA005D83FA /* Debug */,
				4351E5AF23705AFA005D83FA /* Release */,
			);
			defaultConfigurationIsVisible = 0;
			defaultConfigurationName = Release;
		};
		4351E5B023705AFA005D83FA /* Build configuration list for PBXNativeTarget "technical-testUITests" */ = {
			isa = XCConfigurationList;
			buildConfigurations = (
				4351E5B123705AFA005D83FA /* Debug */,
				4351E5B223705AFA005D83FA /* Release */,
			);
			defaultConfigurationIsVisible = 0;
			defaultConfigurationName = Release;
		};
/* End XCConfigurationList section */
	};
	rootObject = 4351E57823705AF8005D83FA /* Project object */;
}
